
Microsoft Visual Studio Solution File, Format Version 12.00
# Visual Studio Version 16
VisualStudioVersion = 16.0.29209.152
MinimumVisualStudioVersion = 10.0.40219.1
Project("{FAE04EC0-301F-11D3-BF4B-00C04F79EFBC}") = "EFCore3MigrationBug", "EFCore3MigrationBug\EFCore3MigrationBug.csproj", "{F076F0F9-B18D-4000-B9E7-8BE499F40BB1}"
EndProject
Project("{2150E333-8FDC-42A3-9474-1A3956D46DE8}") = ".solution", ".solution", "{A7BA84B8-6FE0-4710-B577-90A4C7C8D9DF}"
	ProjectSection(SolutionItems) = preProject
		.gitattributes = .gitattributes
		.gitignore = .gitignore
		README.md = README.md
	EndProjectSection
EndProject
Global
	GlobalSection(SolutionConfigurationPlatforms) = preSolution
		Debug|Any CPU = Debug|Any CPU
		Release|Any CPU = Release|Any CPU
	EndGlobalSection
	GlobalSection(ProjectConfigurationPlatforms) = postSolution
		{F076F0F9-B18D-4000-B9E7-8BE499F40BB1}.Debug|Any CPU.ActiveCfg = Debug|Any CPU
		{F076F0F9-B18D-4000-B9E7-8BE499F40BB1}.Debug|Any CPU.Build.0 = Debug|Any CPU
		{F076F0F9-B18D-4000-B9E7-8BE499F40BB1}.Release|Any CPU.ActiveCfg = Release|Any CPU
		{F076F0F9-B18D-4000-B9E7-8BE499F40BB1}.Release|Any CPU.Build.0 = Release|Any CPU
	EndGlobalSection
	GlobalSection(SolutionProperties) = preSolution
		HideSolutionNode = FALSE
	EndGlobalSection
	GlobalSection(ExtensibilityGlobals) = postSolution
		SolutionGuid = {7B64E941-EA11-4C08-B41C-D72A3C59E179}
	EndGlobalSection
EndGlobal
